
Microsoft Visual Studio Solution File, Format Version 12.00
Project("{FAE04EC0-301F-11D3-BF4B-00C04F79EFBC}") = "SWPSD_PROJEKT.UI", "SWPSD_PROJEKT.UI\SWPSD_PROJEKT.UI.csproj", "{0910B919-5C8B-4D20-91B6-0B5DDEE2E2E7}"
EndProject
Project("{FAE04EC0-301F-11D3-BF4B-00C04F79EFBC}") = "SWPSD_PROJEKT.DialogDriver", "SWPSD_PROJEKT.DialogDriver\SWPSD_PROJEKT.DialogDriver.csproj", "{B8A3F527-124A-40D1-9285-3E83C6A8BA1C}"
EndProject
Project("{FAE04EC0-301F-11D3-BF4B-00C04F79EFBC}") = "SWPSD_PROJEKT.TTS", "SWPSD_PROJEKT.TTS\SWPSD_PROJEKT.TTS.csproj", "{5A90E3D5-F978-4F0A-B8EE-E6433DB5FE15}"
EndProject
Project("{FAE04EC0-301F-11D3-BF4B-00C04F79EFBC}") = "SWPSD_PROJEKT.ASR", "SWPSD_PROJEKT.ASR\SWPSD_PROJEKT.ASR.csproj", "{4B31DEA7-79AC-422E-8A2D-618A04610897}"
EndProject
Global
	GlobalSection(SolutionConfigurationPlatforms) = preSolution
		Debug|Any CPU = Debug|Any CPU
		Release|Any CPU = Release|Any CPU
	EndGlobalSection
	GlobalSection(ProjectConfigurationPlatforms) = postSolution
		{0910B919-5C8B-4D20-91B6-0B5DDEE2E2E7}.Debug|Any CPU.ActiveCfg = Debug|Any CPU
		{0910B919-5C8B-4D20-91B6-0B5DDEE2E2E7}.Debug|Any CPU.Build.0 = Debug|Any CPU
		{0910B919-5C8B-4D20-91B6-0B5DDEE2E2E7}.Release|Any CPU.ActiveCfg = Release|Any CPU
		{0910B919-5C8B-4D20-91B6-0B5DDEE2E2E7}.Release|Any CPU.Build.0 = Release|Any CPU
		{B8A3F527-124A-40D1-9285-3E83C6A8BA1C}.Debug|Any CPU.ActiveCfg = Debug|Any CPU
		{B8A3F527-124A-40D1-9285-3E83C6A8BA1C}.Debug|Any CPU.Build.0 = Debug|Any CPU
		{B8A3F527-124A-40D1-9285-3E83C6A8BA1C}.Release|Any CPU.ActiveCfg = Release|Any CPU
		{B8A3F527-124A-40D1-9285-3E83C6A8BA1C}.Release|Any CPU.Build.0 = Release|Any CPU
		{5A90E3D5-F978-4F0A-B8EE-E6433DB5FE15}.Debug|Any CPU.ActiveCfg = Debug|Any CPU
		{5A90E3D5-F978-4F0A-B8EE-E6433DB5FE15}.Debug|Any CPU.Build.0 = Debug|Any CPU
		{5A90E3D5-F978-4F0A-B8EE-E6433DB5FE15}.Release|Any CPU.ActiveCfg = Release|Any CPU
		{5A90E3D5-F978-4F0A-B8EE-E6433DB5FE15}.Release|Any CPU.Build.0 = Release|Any CPU
		{4B31DEA7-79AC-422E-8A2D-618A04610897}.Debug|Any CPU.ActiveCfg = Debug|Any CPU
		{4B31DEA7-79AC-422E-8A2D-618A04610897}.Debug|Any CPU.Build.0 = Debug|Any CPU
		{4B31DEA7-79AC-422E-8A2D-618A04610897}.Release|Any CPU.ActiveCfg = Release|Any CPU
		{4B31DEA7-79AC-422E-8A2D-618A04610897}.Release|Any CPU.Build.0 = Release|Any CPU
	EndGlobalSection
EndGlobal
